
Microsoft Visual Studio Solution File, Format Version 12.00
# Visual Studio Version 17
VisualStudioVersion = 17.5.33424.131
MinimumVisualStudioVersion = 10.0.40219.1
Project("{9A19103F-16F7-4668-BE54-9A1E7A4F7556}") = "SolforbApp", "SolforbApp\SolforbApp.csproj", "{ECBC3B75-7232-42F2-A2EB-37BA2C632FEA}"
EndProject
Project("{2150E333-8FDC-42A3-9474-1A3956D46DE8}") = "Domain", "Domain", "{21E1EA25-11BC-4568-BB99-1ACFE2D847B4}"
EndProject
Project("{2150E333-8FDC-42A3-9474-1A3956D46DE8}") = "Infrastructure", "Infrastructure", "{A9643B40-EB03-44A6-AFB4-AA39D1994BE3}"
EndProject
Project("{2150E333-8FDC-42A3-9474-1A3956D46DE8}") = "Services", "Services", "{CC2D567C-4EAB-48B8-9831-6DFB0789F51D}"
EndProject
Project("{9A19103F-16F7-4668-BE54-9A1E7A4F7556}") = "SolforbApp.Domain.Core", "SolforbApp.Domain.Core\SolforbApp.Domain.Core.csproj", "{8111BCA4-52E3-4D74-A779-559F091A1454}"
EndProject
Project("{9A19103F-16F7-4668-BE54-9A1E7A4F7556}") = "SolforbApp.Domain.Interfaces", "SolforbApp.Domain.Interfaces\SolforbApp.Domain.Interfaces.csproj", "{67BD896F-E769-45B2-B503-7C82DB953CFA}"
EndProject
Project("{9A19103F-16F7-4668-BE54-9A1E7A4F7556}") = "SolforbApp.Infrastructure.Data", "SolforbApp.Infrastructure.Data\SolforbApp.Infrastructure.Data.csproj", "{1523A5C1-E732-4117-A6DD-C6F16EAD43C5}"
EndProject
Project("{9A19103F-16F7-4668-BE54-9A1E7A4F7556}") = "SolforbApp.Services.Repository", "SolforbApp.Services.Interfaces\SolforbApp.Services.Repository.csproj", "{A0D9E762-62F9-40A0-BE0D-B1096B5F87B7}"
EndProject
Global
	GlobalSection(SolutionConfigurationPlatforms) = preSolution
		Debug|Any CPU = Debug|Any CPU
		Release|Any CPU = Release|Any CPU
	EndGlobalSection
	GlobalSection(ProjectConfigurationPlatforms) = postSolution
		{ECBC3B75-7232-42F2-A2EB-37BA2C632FEA}.Debug|Any CPU.ActiveCfg = Debug|Any CPU
		{ECBC3B75-7232-42F2-A2EB-37BA2C632FEA}.Debug|Any CPU.Build.0 = Debug|Any CPU
		{ECBC3B75-7232-42F2-A2EB-37BA2C632FEA}.Release|Any CPU.ActiveCfg = Release|Any CPU
		{ECBC3B75-7232-42F2-A2EB-37BA2C632FEA}.Release|Any CPU.Build.0 = Release|Any CPU
		{8111BCA4-52E3-4D74-A779-559F091A1454}.Debug|Any CPU.ActiveCfg = Debug|Any CPU
		{8111BCA4-52E3-4D74-A779-559F091A1454}.Debug|Any CPU.Build.0 = Debug|Any CPU
		{8111BCA4-52E3-4D74-A779-559F091A1454}.Release|Any CPU.ActiveCfg = Release|Any CPU
		{8111BCA4-52E3-4D74-A779-559F091A1454}.Release|Any CPU.Build.0 = Release|Any CPU
		{67BD896F-E769-45B2-B503-7C82DB953CFA}.Debug|Any CPU.ActiveCfg = Debug|Any CPU
		{67BD896F-E769-45B2-B503-7C82DB953CFA}.Debug|Any CPU.Build.0 = Debug|Any CPU
		{67BD896F-E769-45B2-B503-7C82DB953CFA}.Release|Any CPU.ActiveCfg = Release|Any CPU
		{67BD896F-E769-45B2-B503-7C82DB953CFA}.Release|Any CPU.Build.0 = Release|Any CPU
		{1523A5C1-E732-4117-A6DD-C6F16EAD43C5}.Debug|Any CPU.ActiveCfg = Debug|Any CPU
		{1523A5C1-E732-4117-A6DD-C6F16EAD43C5}.Debug|Any CPU.Build.0 = Debug|Any CPU
		{1523A5C1-E732-4117-A6DD-C6F16EAD43C5}.Release|Any CPU.ActiveCfg = Release|Any CPU
		{1523A5C1-E732-4117-A6DD-C6F16EAD43C5}.Release|Any CPU.Build.0 = Release|Any CPU
		{A0D9E762-62F9-40A0-BE0D-B1096B5F87B7}.Debug|Any CPU.ActiveCfg = Debug|Any CPU
		{A0D9E762-62F9-40A0-BE0D-B1096B5F87B7}.Debug|Any CPU.Build.0 = Debug|Any CPU
		{A0D9E762-62F9-40A0-BE0D-B1096B5F87B7}.Release|Any CPU.ActiveCfg = Release|Any CPU
		{A0D9E762-62F9-40A0-BE0D-B1096B5F87B7}.Release|Any CPU.Build.0 = Release|Any CPU
	EndGlobalSection
	GlobalSection(SolutionProperties) = preSolution
		HideSolutionNode = FALSE
	EndGlobalSection
	GlobalSection(NestedProjects) = preSolution
		{8111BCA4-52E3-4D74-A779-559F091A1454} = {21E1EA25-11BC-4568-BB99-1ACFE2D847B4}
		{67BD896F-E769-45B2-B503-7C82DB953CFA} = {21E1EA25-11BC-4568-BB99-1ACFE2D847B4}
		{1523A5C1-E732-4117-A6DD-C6F16EAD43C5} = {A9643B40-EB03-44A6-AFB4-AA39D1994BE3}
		{A0D9E762-62F9-40A0-BE0D-B1096B5F87B7} = {CC2D567C-4EAB-48B8-9831-6DFB0789F51D}
	EndGlobalSection
	GlobalSection(ExtensibilityGlobals) = postSolution
		SolutionGuid = {91A4CC41-8D73-4CDA-8D41-E6EB5B0161E1}
	EndGlobalSection
EndGlobal
